// !$*UTF8*$!
{
	archiveVersion = 1;
	classes = {
	};
	objectVersion = 46;
	objects = {

/* Begin PBXBuildFile section */
		4EDEADC51AA7AECC00AA4FA1 /* AppDelegate.swift in Sources */ = {isa = PBXBuildFile; fileRef = 4EDEADC41AA7AECC00AA4FA1 /* AppDelegate.swift */; };
		4EDEADC71AA7AECC00AA4FA1 /* RecordSoundViewController.swift in Sources */ = {isa = PBXBuildFile; fileRef = 4EDEADC61AA7AECC00AA4FA1 /* RecordSoundViewController.swift */; };
		4EDEADCA1AA7AECD00AA4FA1 /* Main.storyboard in Resources */ = {isa = PBXBuildFile; fileRef = 4EDEADC81AA7AECD00AA4FA1 /* Main.storyboard */; };
		4EDEADCC1AA7AECD00AA4FA1 /* Images.xcassets in Resources */ = {isa = PBXBuildFile; fileRef = 4EDEADCB1AA7AECD00AA4FA1 /* Images.xcassets */; };
		4EDEADCF1AA7AECD00AA4FA1 /* LaunchScreen.xib in Resources */ = {isa = PBXBuildFile; fileRef = 4EDEADCD1AA7AECD00AA4FA1 /* LaunchScreen.xib */; };
		4EDEADDB1AA7AECD00AA4FA1 /* Pitch_PerfectTests.swift in Sources */ = {isa = PBXBuildFile; fileRef = 4EDEADDA1AA7AECD00AA4FA1 /* Pitch_PerfectTests.swift */; };
		4EDF926C1AAA059400E93EB2 /* RecordedAudio.swift in Sources */ = {isa = PBXBuildFile; fileRef = 4EDF926B1AAA059400E93EB2 /* RecordedAudio.swift */; };
		4EDF926E1AAA54A800E93EB2 /* PlaySoundsViewController.swift in Sources */ = {isa = PBXBuildFile; fileRef = 4EDF926D1AAA54A800E93EB2 /* PlaySoundsViewController.swift */; };
		4EDF92701AAA54FD00E93EB2 /* movie_quote.mp3 in Resources */ = {isa = PBXBuildFile; fileRef = 4EDF926F1AAA54FD00E93EB2 /* movie_quote.mp3 */; };
/* End PBXBuildFile section */

/* Begin PBXContainerItemProxy section */
		4EDEADD51AA7AECD00AA4FA1 /* PBXContainerItemProxy */ = {
			isa = PBXContainerItemProxy;
			containerPortal = 4EDEADB71AA7AECC00AA4FA1 /* Project object */;
			proxyType = 1;
			remoteGlobalIDString = 4EDEADBE1AA7AECC00AA4FA1;
			remoteInfo = "Pitch Perfect";
		};
/* End PBXContainerItemProxy section */

/* Begin PBXFileReference section */
		4EDEADBF1AA7AECC00AA4FA1 /* Pitch Perfect.app */ = {isa = PBXFileReference; explicitFileType = wrapper.application; includeInIndex = 0; path = "Pitch Perfect.app"; sourceTree = BUILT_PRODUCTS_DIR; };
		4EDEADC31AA7AECC00AA4FA1 /* Info.plist */ = {isa = PBXFileReference; lastKnownFileType = text.plist.xml; path = Info.plist; sourceTree = "<group>"; };
		4EDEADC41AA7AECC00AA4FA1 /* AppDelegate.swift */ = {isa = PBXFileReference; lastKnownFileType = sourcecode.swift; path = AppDelegate.swift; sourceTree = "<group>"; };
		4EDEADC61AA7AECC00AA4FA1 /* RecordSoundViewController.swift */ = {isa = PBXFileReference; lastKnownFileType = sourcecode.swift; path = RecordSoundViewController.swift; sourceTree = "<group>"; };
		4EDEADC91AA7AECD00AA4FA1 /* Base */ = {isa = PBXFileReference; lastKnownFileType = file.storyboard; name = Base; path = Base.lproj/Main.storyboard; sourceTree = "<group>"; };
		4EDEADCB1AA7AECD00AA4FA1 /* Images.xcassets */ = {isa = PBXFileReference; lastKnownFileType = folder.assetcatalog; path = Images.xcassets; sourceTree = "<group>"; };
		4EDEADCE1AA7AECD00AA4FA1 /* Base */ = {isa = PBXFileReference; lastKnownFileType = file.xib; name = Base; path = Base.lproj/LaunchScreen.xib; sourceTree = "<group>"; };
		4EDEADD41AA7AECD00AA4FA1 /* Pitch PerfectTests.xctest */ = {isa = PBXFileReference; explicitFileType = wrapper.cfbundle; includeInIndex = 0; path = "Pitch PerfectTests.xctest"; sourceTree = BUILT_PRODUCTS_DIR; };
		4EDEADD91AA7AECD00AA4FA1 /* Info.plist */ = {isa = PBXFileReference; lastKnownFileType = text.plist.xml; path = Info.plist; sourceTree = "<group>"; };
		4EDEADDA1AA7AECD00AA4FA1 /* Pitch_PerfectTests.swift */ = {isa = PBXFileReference; lastKnownFileType = sourcecode.swift; path = Pitch_PerfectTests.swift; sourceTree = "<group>"; };
		4EDF926B1AAA059400E93EB2 /* RecordedAudio.swift */ = {isa = PBXFileReference; fileEncoding = 4; lastKnownFileType = sourcecode.swift; path = RecordedAudio.swift; sourceTree = "<group>"; };
		4EDF926D1AAA54A800E93EB2 /* PlaySoundsViewController.swift */ = {isa = PBXFileReference; fileEncoding = 4; lastKnownFileType = sourcecode.swift; path = PlaySoundsViewController.swift; sourceTree = "<group>"; };
		4EDF926F1AAA54FD00E93EB2 /* movie_quote.mp3 */ = {isa = PBXFileReference; lastKnownFileType = audio.mp3; path = movie_quote.mp3; sourceTree = "<group>"; };
/* End PBXFileReference section */

/* Begin PBXFrameworksBuildPhase section */
		4EDEADBC1AA7AECC00AA4FA1 /* Frameworks */ = {
			isa = PBXFrameworksBuildPhase;
			buildActionMask = 2147483647;
			files = (
			);
			runOnlyForDeploymentPostprocessing = 0;
		};
		4EDEADD11AA7AECD00AA4FA1 /* Frameworks */ = {
			isa = PBXFrameworksBuildPhase;
			buildActionMask = 2147483647;
			files = (
			);
			runOnlyForDeploymentPostprocessing = 0;
		};
/* End PBXFrameworksBuildPhase section */

/* Begin PBXGroup section */
		4EDEADB61AA7AECC00AA4FA1 = {
			isa = PBXGroup;
			children = (
				4EDEADC11AA7AECC00AA4FA1 /* Pitch Perfect */,
				4EDEADD71AA7AECD00AA4FA1 /* Pitch PerfectTests */,
				4EDEADC01AA7AECC00AA4FA1 /* Products */,
			);
			sourceTree = "<group>";
		};
		4EDEADC01AA7AECC00AA4FA1 /* Products */ = {
			isa = PBXGroup;
			children = (
				4EDEADBF1AA7AECC00AA4FA1 /* Pitch Perfect.app */,
				4EDEADD41AA7AECD00AA4FA1 /* Pitch PerfectTests.xctest */,
			);
			name = Products;
			sourceTree = "<group>";
		};
		4EDEADC11AA7AECC00AA4FA1 /* Pitch Perfect */ = {
			isa = PBXGroup;
			children = (
				4EDF926D1AAA54A800E93EB2 /* PlaySoundsViewController.swift */,
				4EDEADC41AA7AECC00AA4FA1 /* AppDelegate.swift */,
				4EDEADC61AA7AECC00AA4FA1 /* RecordSoundViewController.swift */,
				4EDF926B1AAA059400E93EB2 /* RecordedAudio.swift */,
				4EDEADC81AA7AECD00AA4FA1 /* Main.storyboard */,
				4EDEADCB1AA7AECD00AA4FA1 /* Images.xcassets */,
				4EDEADCD1AA7AECD00AA4FA1 /* LaunchScreen.xib */,
				4EDEADC21AA7AECC00AA4FA1 /* Supporting Files */,
			);
			path = "Pitch Perfect";
			sourceTree = "<group>";
		};
		4EDEADC21AA7AECC00AA4FA1 /* Supporting Files */ = {
			isa = PBXGroup;
			children = (
				4EDF926F1AAA54FD00E93EB2 /* movie_quote.mp3 */,
				4EDEADC31AA7AECC00AA4FA1 /* Info.plist */,
			);
			name = "Supporting Files";
			sourceTree = "<group>";
		};
		4EDEADD71AA7AECD00AA4FA1 /* Pitch PerfectTests */ = {
			isa = PBXGroup;
			children = (
				4EDEADDA1AA7AECD00AA4FA1 /* Pitch_PerfectTests.swift */,
				4EDEADD81AA7AECD00AA4FA1 /* Supporting Files */,
			);
			path = "Pitch PerfectTests";
			sourceTree = "<group>";
		};
		4EDEADD81AA7AECD00AA4FA1 /* Supporting Files */ = {
			isa = PBXGroup;
			children = (
				4EDEADD91AA7AECD00AA4FA1 /* Info.plist */,
			);
			name = "Supporting Files";
			sourceTree = "<group>";
		};
/* End PBXGroup section */

/* Begin PBXNativeTarget section */
		4EDEADBE1AA7AECC00AA4FA1 /* Pitch Perfect */ = {
			isa = PBXNativeTarget;
			buildConfigurationList = 4EDEADDE1AA7AECD00AA4FA1 /* Build configuration list for PBXNativeTarget "Pitch Perfect" */;
			buildPhases = (
				4EDEADBB1AA7AECC00AA4FA1 /* Sources */,
				4EDEADBC1AA7AECC00AA4FA1 /* Frameworks */,
				4EDEADBD1AA7AECC00AA4FA1 /* Resources */,
			);
			buildRules = (
			);
			dependencies = (
			);
			name = "Pitch Perfect";
			productName = "Pitch Perfect";
			productReference = 4EDEADBF1AA7AECC00AA4FA1 /* Pitch Perfect.app */;
			productType = "com.apple.product-type.application";
		};
		4EDEADD31AA7AECD00AA4FA1 /* Pitch PerfectTests */ = {
			isa = PBXNativeTarget;
			buildConfigurationList = 4EDEADE11AA7AECD00AA4FA1 /* Build configuration list for PBXNativeTarget "Pitch PerfectTests" */;
			buildPhases = (
				4EDEADD01AA7AECD00AA4FA1 /* Sources */,
				4EDEADD11AA7AECD00AA4FA1 /* Frameworks */,
				4EDEADD21AA7AECD00AA4FA1 /* Resources */,
			);
			buildRules = (
			);
			dependencies = (
				4EDEADD61AA7AECD00AA4FA1 /* PBXTargetDependency */,
			);
			name = "Pitch PerfectTests";
			productName = "Pitch PerfectTests";
			productReference = 4EDEADD41AA7AECD00AA4FA1 /* Pitch PerfectTests.xctest */;
			productType = "com.apple.product-type.bundle.unit-test";
		};
/* End PBXNativeTarget section */

/* Begin PBXProject section */
		4EDEADB71AA7AECC00AA4FA1 /* Project object */ = {
			isa = PBXProject;
			attributes = {
				LastUpgradeCheck = 0610;
				ORGANIZATIONNAME = "FLO Media";
				TargetAttributes = {
					4EDEADBE1AA7AECC00AA4FA1 = {
						CreatedOnToolsVersion = 6.1.1;
					};
					4EDEADD31AA7AECD00AA4FA1 = {
						CreatedOnToolsVersion = 6.1.1;
						TestTargetID = 4EDEADBE1AA7AECC00AA4FA1;
					};
				};
			};
			buildConfigurationList = 4EDEADBA1AA7AECC00AA4FA1 /* Build configuration list for PBXProject "Pitch Perfect" */;
			compatibilityVersion = "Xcode 3.2";
			developmentRegion = English;
			hasScannedForEncodings = 0;
			knownRegions = (
				en,
				Base,
			);
			mainGroup = 4EDEADB61AA7AECC00AA4FA1;
			productRefGroup = 4EDEADC01AA7AECC00AA4FA1 /* Products */;
			projectDirPath = "";
			projectRoot = "";
			targets = (
				4EDEADBE1AA7AECC00AA4FA1 /* Pitch Perfect */,
				4EDEADD31AA7AECD00AA4FA1 /* Pitch PerfectTests */,
			);
		};
/* End PBXProject section */

/* Begin PBXResourcesBuildPhase section */
		4EDEADBD1AA7AECC00AA4FA1 /* Resources */ = {
			isa = PBXResourcesBuildPhase;
			buildActionMask = 2147483647;
			files = (
				4EDEADCA1AA7AECD00AA4FA1 /* Main.storyboard in Resources */,
				4EDEADCF1AA7AECD00AA4FA1 /* LaunchScreen.xib in Resources */,
				4EDF92701AAA54FD00E93EB2 /* movie_quote.mp3 in Resources */,
				4EDEADCC1AA7AECD00AA4FA1 /* Images.xcassets in Resources */,
			);
			runOnlyForDeploymentPostprocessing = 0;
		};
		4EDEADD21AA7AECD00AA4FA1 /* Resources */ = {
			isa = PBXResourcesBuildPhase;
			buildActionMask = 2147483647;
			files = (
			);
			runOnlyForDeploymentPostprocessing = 0;
		};
/* End PBXResourcesBuildPhase section */

/* Begin PBXSourcesBuildPhase section */
		4EDEADBB1AA7AECC00AA4FA1 /* Sources */ = {
			isa = PBXSourcesBuildPhase;
			buildActionMask = 2147483647;
			files = (
				4EDF926C1AAA059400E93EB2 /* RecordedAudio.swift in Sources */,
				4EDEADC71AA7AECC00AA4FA1 /* RecordSoundViewController.swift in Sources */,
				4EDF926E1AAA54A800E93EB2 /* PlaySoundsViewController.swift in Sources */,
				4EDEADC51AA7AECC00AA4FA1 /* AppDelegate.swift in Sources */,
			);
			runOnlyForDeploymentPostprocessing = 0;
		};
		4EDEADD01AA7AECD00AA4FA1 /* Sources */ = {
			isa = PBXSourcesBuildPhase;
			buildActionMask = 2147483647;
			files = (
				4EDEADDB1AA7AECD00AA4FA1 /* Pitch_PerfectTests.swift in Sources */,
			);
			runOnlyForDeploymentPostprocessing = 0;
		};
/* End PBXSourcesBuildPhase section */

/* Begin PBXTargetDependency section */
		4EDEADD61AA7AECD00AA4FA1 /* PBXTargetDependency */ = {
			isa = PBXTargetDependency;
			target = 4EDEADBE1AA7AECC00AA4FA1 /* Pitch Perfect */;
			targetProxy = 4EDEADD51AA7AECD00AA4FA1 /* PBXContainerItemProxy */;
		};
/* End PBXTargetDependency section */

/* Begin PBXVariantGroup section */
		4EDEADC81AA7AECD00AA4FA1 /* Main.storyboard */ = {
			isa = PBXVariantGroup;
			children = (
				4EDEADC91AA7AECD00AA4FA1 /* Base */,
			);
			name = Main.storyboard;
			sourceTree = "<group>";
		};
		4EDEADCD1AA7AECD00AA4FA1 /* LaunchScreen.xib */ = {
			isa = PBXVariantGroup;
			children = (
				4EDEADCE1AA7AECD00AA4FA1 /* Base */,
			);
			name = LaunchScreen.xib;
			sourceTree = "<group>";
		};
/* End PBXVariantGroup section */

/* Begin XCBuildConfiguration section */
		4EDEADDC1AA7AECD00AA4FA1 /* Debug */ = {
			isa = XCBuildConfiguration;
			buildSettings = {
				ALWAYS_SEARCH_USER_PATHS = NO;
				CLANG_CXX_LANGUAGE_STANDARD = "gnu++0x";
				CLANG_CXX_LIBRARY = "libc++";
				CLANG_ENABLE_MODULES = YES;
				CLANG_ENABLE_OBJC_ARC = YES;
				CLANG_WARN_BOOL_CONVERSION = YES;
				CLANG_WARN_CONSTANT_CONVERSION = YES;
				CLANG_WARN_DIRECT_OBJC_ISA_USAGE = YES_ERROR;
				CLANG_WARN_EMPTY_BODY = YES;
				CLANG_WARN_ENUM_CONVERSION = YES;
				CLANG_WARN_INT_CONVERSION = YES;
				CLANG_WARN_OBJC_ROOT_CLASS = YES_ERROR;
				CLANG_WARN_UNREACHABLE_CODE = YES;
				CLANG_WARN__DUPLICATE_METHOD_MATCH = YES;
				"CODE_SIGN_IDENTITY[sdk=iphoneos*]" = "iPhone Developer";
				COPY_PHASE_STRIP = NO;
				DEBUG_INFORMATION_FORMAT = dwarf;
				ENABLE_STRICT_OBJC_MSGSEND = YES;
				GCC_C_LANGUAGE_STANDARD = gnu99;
				GCC_DYNAMIC_NO_PIC = NO;
				GCC_OPTIMIZATION_LEVEL = 0;
				GCC_PREPROCESSOR_DEFINITIONS = (
					"DEBUG=1",
					"$(inherited)",
				);
				GCC_SYMBOLS_PRIVATE_EXTERN = NO;
				GCC_WARN_64_TO_32_BIT_CONVERSION = YES;
				GCC_WARN_ABOUT_RETURN_TYPE = YES_ERROR;
				GCC_WARN_UNDECLARED_SELECTOR = YES;
				GCC_WARN_UNINITIALIZED_AUTOS = YES_AGGRESSIVE;
				GCC_WARN_UNUSED_FUNCTION = YES;
				GCC_WARN_UNUSED_VARIABLE = YES;
				IPHONEOS_DEPLOYMENT_TARGET = 8.1;
				MTL_ENABLE_DEBUG_INFO = YES;
				ONLY_ACTIVE_ARCH = YES;
				SDKROOT = iphoneos;
				SWIFT_OPTIMIZATION_LEVEL = "-Onone";
			};
			name = Debug;
		};
		4EDEADDD1AA7AECD00AA4FA1 /* Release */ = {
			isa = XCBuildConfiguration;
			buildSettings = {
				ALWAYS_SEARCH_USER_PATHS = NO;
				CLANG_CXX_LANGUAGE_STANDARD = "gnu++0x";
				CLANG_CXX_LIBRARY = "libc++";
				CLANG_ENABLE_MODULES = YES;
				CLANG_ENABLE_OBJC_ARC = YES;
				CLANG_WARN_BOOL_CONVERSION = YES;
				CLANG_WARN_CONSTANT_CONVERSION = YES;
				CLANG_WARN_DIRECT_OBJC_ISA_USAGE = YES_ERROR;
				CLANG_WARN_EMPTY_BODY = YES;
				CLANG_WARN_ENUM_CONVERSION = YES;
				CLANG_WARN_INT_CONVERSION = YES;
				CLANG_WARN_OBJC_ROOT_CLASS = YES_ERROR;
				CLANG_WARN_UNREACHABLE_CODE = YES;
				CLANG_WARN__DUPLICATE_METHOD_MATCH = YES;
				"CODE_SIGN_IDENTITY[sdk=iphoneos*]" = "iPhone Developer";
				COPY_PHASE_STRIP = YES;
				DEBUG_INFORMATION_FORMAT = dwarf;
				ENABLE_NS_ASSERTIONS = NO;
				ENABLE_STRICT_OBJC_MSGSEND = YES;
				GCC_C_LANGUAGE_STANDARD = gnu99;
				GCC_WARN_64_TO_32_BIT_CONVERSION = YES;
				GCC_WARN_ABOUT_RETURN_TYPE = YES_ERROR;
				GCC_WARN_UNDECLARED_SELECTOR = YES;
				GCC_WARN_UNINITIALIZED_AUTOS = YES_AGGRESSIVE;
				GCC_WARN_UNUSED_FUNCTION = YES;
				GCC_WARN_UNUSED_VARIABLE = YES;
				IPHONEOS_DEPLOYMENT_TARGET = 8.1;
				MTL_ENABLE_DEBUG_INFO = NO;
				SDKROOT = iphoneos;
				VALIDATE_PRODUCT = YES;
			};
			name = Release;
		};
		4EDEADDF1AA7AECD00AA4FA1 /* Debug */ = {
			isa = XCBuildConfiguration;
			buildSettings = {
				ASSETCATALOG_COMPILER_APPICON_NAME = AppIcon;
				DEBUG_INFORMATION_FORMAT = dwarf;
				INFOPLIST_FILE = "Pitch Perfect/Info.plist";
				LD_RUNPATH_SEARCH_PATHS = "$(inherited) @executable_path/Frameworks";
				PRODUCT_NAME = "$(TARGET_NAME)";
			};
			name = Debug;
		};
		4EDEADE01AA7AECD00AA4FA1 /* Release */ = {
			isa = XCBuildConfiguration;
			buildSettings = {
				ASSETCATALOG_COMPILER_APPICON_NAME = AppIcon;
				DEBUG_INFORMATION_FORMAT = dwarf;
				INFOPLIST_FILE = "Pitch Perfect/Info.plist";
				LD_RUNPATH_SEARCH_PATHS = "$(inherited) @executable_path/Frameworks";
				PRODUCT_NAME = "$(TARGET_NAME)";
			};
			name = Release;
		};
		4EDEADE21AA7AECD00AA4FA1 /* Debug */ = {
			isa = XCBuildConfiguration;
			buildSettings = {
				BUNDLE_LOADER = "$(TEST_HOST)";
				FRAMEWORK_SEARCH_PATHS = (
					"$(SDKROOT)/Developer/Library/Frameworks",
					"$(inherited)",
				);
				GCC_PREPROCESSOR_DEFINITIONS = (
					"DEBUG=1",
					"$(inherited)",
				);
				INFOPLIST_FILE = "Pitch PerfectTests/Info.plist";
				LD_RUNPATH_SEARCH_PATHS = "$(inherited) @executable_path/Frameworks @loader_path/Frameworks";
				PRODUCT_NAME = "$(TARGET_NAME)";
				TEST_HOST = "$(BUILT_PRODUCTS_DIR)/Pitch Perfect.app/Pitch Perfect";
			};
			name = Debug;
		};
		4EDEADE31AA7AECD00AA4FA1 /* Release */ = {
			isa = XCBuildConfiguration;
			buildSettings = {
				BUNDLE_LOADER = "$(TEST_HOST)";
				FRAMEWORK_SEARCH_PATHS = (
					"$(SDKROOT)/Developer/Library/Frameworks",
					"$(inherited)",
				);
				INFOPLIST_FILE = "Pitch PerfectTests/Info.plist";
				LD_RUNPATH_SEARCH_PATHS = "$(inherited) @executable_path/Frameworks @loader_path/Frameworks";
				PRODUCT_NAME = "$(TARGET_NAME)";
				TEST_HOST = "$(BUILT_PRODUCTS_DIR)/Pitch Perfect.app/Pitch Perfect";
			};
			name = Release;
		};
/* End XCBuildConfiguration section */

/* Begin XCConfigurationList section */
		4EDEADBA1AA7AECC00AA4FA1 /* Build configuration list for PBXProject "Pitch Perfect" */ = {
			isa = XCConfigurationList;
			buildConfigurations = (
				4EDEADDC1AA7AECD00AA4FA1 /* Debug */,
				4EDEADDD1AA7AECD00AA4FA1 /* Release */,
			);
			defaultConfigurationIsVisible = 0;
			defaultConfigurationName = Release;
		};
		4EDEADDE1AA7AECD00AA4FA1 /* Build configuration list for PBXNativeTarget "Pitch Perfect" */ = {
			isa = XCConfigurationList;
			buildConfigurations = (
				4EDEADDF1AA7AECD00AA4FA1 /* Debug */,
				4EDEADE01AA7AECD00AA4FA1 /* Release */,
			);
			defaultConfigurationIsVisible = 0;
			defaultConfigurationName = Release;
		};
		4EDEADE11AA7AECD00AA4FA1 /* Build configuration list for PBXNativeTarget "Pitch PerfectTests" */ = {
			isa = XCConfigurationList;
			buildConfigurations = (
				4EDEADE21AA7AECD00AA4FA1 /* Debug */,
				4EDEADE31AA7AECD00AA4FA1 /* Release */,
			);
			defaultConfigurationIsVisible = 0;
			defaultConfigurationName = Release;
		};
/* End XCConfigurationList section */
	};
	rootObject = 4EDEADB71AA7AECC00AA4FA1 /* Project object */;
}
